{
  "name": "bubblescan",
  "lockfileVersion": 3,
  "requires": true,
  "packages": {
    "": {
      "dependencies": {
        "jsqr": "^1.4.0",
        "preline": "^2.5.1"
      }
    },
    "node_modules/@popperjs/core": {
      "version": "2.11.8",
      "resolved": "https://registry.npmjs.org/@popperjs/core/-/core-2.11.8.tgz",
      "integrity": "sha512-P1st0aksCrn9sGZhp8GMYwBnQsbvAWsZAX44oXNNvLHGqAOcoVxmjZiohstwQ7SqKnbR47akdNi+uleWD8+g6A==",
      "funding": {
        "type": "opencollective",
        "url": "https://opencollective.com/popperjs"
      }
    },
    "node_modules/jsqr": {
      "version": "1.4.0",
      "resolved": "https://registry.npmjs.org/jsqr/-/jsqr-1.4.0.tgz",
      "integrity": "sha512-dxLob7q65Xg2DvstYkRpkYtmKm2sPJ9oFhrhmudT1dZvNFFTlroai3AWSpLey/w5vMcLBXRgOJsbXpdN9HzU/A=="
    },
    "node_modules/preline": {
      "version": "2.5.1",
      "resolved": "https://registry.npmjs.org/preline/-/preline-2.5.1.tgz",
      "integrity": "sha512-fEXOsz0xLfTm5sJmNanourrMjwjcgGtaVNg8Pt6GzUbZ/oXHIdcR94LBdeE0Ea0pBPFOOHzEL5LQwSbAvCJEfw==",
      "dependencies": {
        "@popperjs/core": "^2.11.2"
      }
    }
  }
}
